
Microsoft Visual Studio Solution File, Format Version 12.00
# Visual Studio Version 16
VisualStudioVersion = 16.0.32106.194
MinimumVisualStudioVersion = 10.0.40219.1
Project("{FAE04EC0-301F-11D3-BF4B-00C04F79EFBC}") = "Крестики нолики", "Крестики нолики.csproj", "{5ADA5594-13FE-43C3-9064-809A13CCE2BE}"
EndProject
Global
	GlobalSection(SolutionConfigurationPlatforms) = preSolution
		Debug|Any CPU = Debug|Any CPU
		Release|Any CPU = Release|Any CPU
	EndGlobalSection
	GlobalSection(ProjectConfigurationPlatforms) = postSolution
		{5ADA5594-13FE-43C3-9064-809A13CCE2BE}.Debug|Any CPU.ActiveCfg = Debug|Any CPU
		{5ADA5594-13FE-43C3-9064-809A13CCE2BE}.Debug|Any CPU.Build.0 = Debug|Any CPU
		{5ADA5594-13FE-43C3-9064-809A13CCE2BE}.Release|Any CPU.ActiveCfg = Release|Any CPU
		{5ADA5594-13FE-43C3-9064-809A13CCE2BE}.Release|Any CPU.Build.0 = Release|Any CPU
	EndGlobalSection
	GlobalSection(SolutionProperties) = preSolution
		HideSolutionNode = FALSE
	EndGlobalSection
	GlobalSection(ExtensibilityGlobals) = postSolution
		SolutionGuid = {116474B2-4DCD-49EA-BE8A-C1270B733787}
	EndGlobalSection
EndGlobal
